Microsoft Visual Studio Solution File, Format Version 12.00
# Visual Studio 14
Project("{8BC9CEB8-8B4A-11D0-8D11-00A0C91BC942}") = "ALL_BUILD", "ALL_BUILD.vcxproj", "{7AC55941-B170-435D-9B8D-04FAC11A7978}"
	ProjectSection(ProjectDependencies) = postProject
		{33CA227F-974B-4A2D-944C-5FF008384BF8} = {33CA227F-974B-4A2D-944C-5FF008384BF8}
		{344E62FA-9E6B-4060-858A-F32AEAF29B3E} = {344E62FA-9E6B-4060-858A-F32AEAF29B3E}
		{FF0F2DC6-7E6D-4500-AB20-95DE7C84DBC6} = {FF0F2DC6-7E6D-4500-AB20-95DE7C84DBC6}
		{513B957D-7FF5-4528-8FAD-A71A431C2FC5} = {513B957D-7FF5-4528-8FAD-A71A431C2FC5}
		{2C1D0F9E-5E4F-431F-89F2-DF7DEF7BB50B} = {2C1D0F9E-5E4F-431F-89F2-DF7DEF7BB50B}
		{85AFC072-E3CF-4927-8B1C-36BB6939CB24} = {85AFC072-E3CF-4927-8B1C-36BB6939CB24}
		{023D17E0-49E9-44BB-8267-A5119C4BC326} = {023D17E0-49E9-44BB-8267-A5119C4BC326}
		{54318240-93CE-4A81-82B2-DEA79653B99A} = {54318240-93CE-4A81-82B2-DEA79653B99A}
		{B5D3D349-2B4D-4A59-BD84-22013562C1AE} = {B5D3D349-2B4D-4A59-BD84-22013562C1AE}
		{C11345DD-F656-4AA6-89BE-18C48795D50A} = {C11345DD-F656-4AA6-89BE-18C48795D50A}
		{9FF8EDEE-409D-4291-8182-B13E192FA3C2} = {9FF8EDEE-409D-4291-8182-B13E192FA3C2}
		{FE1F7A4B-558B-4909-AF23-5D91E6586AC3} = {FE1F7A4B-558B-4909-AF23-5D91E6586AC3}
		{C780B0BB-91C9-4833-8238-7CB8E21F08BC} = {C780B0BB-91C9-4833-8238-7CB8E21F08BC}
		{5FAE60AC-F467-47F6-8B28-14DB5806F94B} = {5FAE60AC-F467-47F6-8B28-14DB5806F94B}
		{323102BB-2F30-4A8A-8E93-9D23DBD55532} = {323102BB-2F30-4A8A-8E93-9D23DBD55532}
		{4D75DB26-C49D-4443-9060-FF07C84F07FD} = {4D75DB26-C49D-4443-9060-FF07C84F07FD}
		{6BED711C-0D8A-4DCD-A3EC-9B7AEC77AC9A} = {6BED711C-0D8A-4DCD-A3EC-9B7AEC77AC9A}
		{E424E1DA-A429-4960-A21B-51CCBD5F707E} = {E424E1DA-A429-4960-A21B-51CCBD5F707E}
		{4D490BFD-BC3C-4D2F-8358-3B7B8623C391} = {4D490BFD-BC3C-4D2F-8358-3B7B8623C391}
		{E287AE91-7371-4F4D-85A6-6626200550FC} = {E287AE91-7371-4F4D-85A6-6626200550FC}
		{79743948-6718-441B-9E94-E923F75655D8} = {79743948-6718-441B-9E94-E923F75655D8}
		{D30F0672-A614-4208-AAD8-2061B03A983D} = {D30F0672-A614-4208-AAD8-2061B03A983D}
		{93714F95-1369-4735-8CF2-415F261325D0} = {93714F95-1369-4735-8CF2-415F261325D0}
		{4325C533-5364-4C05-A93A-DD5468DDB186} = {4325C533-5364-4C05-A93A-DD5468DDB186}
		{A2B33143-E5FD-4F6D-AC08-F34DDBA027DC} = {A2B33143-E5FD-4F6D-AC08-F34DDBA027DC}
		{BF98FF4D-810C-446A-81CC-40EF27BF76BD} = {BF98FF4D-810C-446A-81CC-40EF27BF76BD}
		{E7620DEA-E508-47B9-97A2-2E03FD4DA24C} = {E7620DEA-E508-47B9-97A2-2E03FD4DA24C}
		{586C0CF9-273C-43C0-9844-B4595250E897} = {586C0CF9-273C-43C0-9844-B4595250E897}
		{7600FD7B-A838-4A6F-84E6-CB6DBFBDB2A7} = {7600FD7B-A838-4A6F-84E6-CB6DBFBDB2A7}
	EndProjectSection
EndProject
Project("{8BC9CEB8-8B4A-11D0-8D11-00A0C91BC942}") = "INSTALL", "INSTALL.vcxproj", "{6D5B0AF1-5692-4A18-A644-B4FDD2CC38BF}"
	ProjectSection(ProjectDependencies) = postProject
		{7AC55941-B170-435D-9B8D-04FAC11A7978} = {7AC55941-B170-435D-9B8D-04FAC11A7978}
	EndProjectSection
EndProject
Project("{8BC9CEB8-8B4A-11D0-8D11-00A0C91BC942}") = "ZERO_CHECK", "ZERO_CHECK.vcxproj", "{33CA227F-974B-4A2D-944C-5FF008384BF8}"
	ProjectSection(ProjectDependencies) = postProject
	EndProjectSection
EndProject
Project("{8BC9CEB8-8B4A-11D0-8D11-00A0C91BC942}") = "accuracy", "tests\accuracy.vcxproj", "{344E62FA-9E6B-4060-858A-F32AEAF29B3E}"
	ProjectSection(ProjectDependencies) = postProject
		{33CA227F-974B-4A2D-944C-5FF008384BF8} = {33CA227F-974B-4A2D-944C-5FF008384BF8}
		{C780B0BB-91C9-4833-8238-7CB8E21F08BC} = {C780B0BB-91C9-4833-8238-7CB8E21F08BC}
	EndProjectSection
EndProject
Project("{8BC9CEB8-8B4A-11D0-8D11-00A0C91BC942}") = "boing", "examples\boing.vcxproj", "{FF0F2DC6-7E6D-4500-AB20-95DE7C84DBC6}"
	ProjectSection(ProjectDependencies) = postProject
		{33CA227F-974B-4A2D-944C-5FF008384BF8} = {33CA227F-974B-4A2D-944C-5FF008384BF8}
		{C780B0BB-91C9-4833-8238-7CB8E21F08BC} = {C780B0BB-91C9-4833-8238-7CB8E21F08BC}
	EndProjectSection
EndProject
Project("{8BC9CEB8-8B4A-11D0-8D11-00A0C91BC942}") = "clipboard", "tests\clipboard.vcxproj", "{513B957D-7FF5-4528-8FAD-A71A431C2FC5}"
	ProjectSection(ProjectDependencies) = postProject
		{33CA227F-974B-4A2D-944C-5FF008384BF8} = {33CA227F-974B-4A2D-944C-5FF008384BF8}
		{C780B0BB-91C9-4833-8238-7CB8E21F08BC} = {C780B0BB-91C9-4833-8238-7CB8E21F08BC}
	EndProjectSection
EndProject
Project("{8BC9CEB8-8B4A-11D0-8D11-00A0C91BC942}") = "cursor", "tests\cursor.vcxproj", "{2C1D0F9E-5E4F-431F-89F2-DF7DEF7BB50B}"
	ProjectSection(ProjectDependencies) = postProject
		{33CA227F-974B-4A2D-944C-5FF008384BF8} = {33CA227F-974B-4A2D-944C-5FF008384BF8}
		{C780B0BB-91C9-4833-8238-7CB8E21F08BC} = {C780B0BB-91C9-4833-8238-7CB8E21F08BC}
	EndProjectSection
EndProject
Project("{8BC9CEB8-8B4A-11D0-8D11-00A0C91BC942}") = "cursoranim", "tests\cursoranim.vcxproj", "{85AFC072-E3CF-4927-8B1C-36BB6939CB24}"
	ProjectSection(ProjectDependencies) = postProject
		{33CA227F-974B-4A2D-944C-5FF008384BF8} = {33CA227F-974B-4A2D-944C-5FF008384BF8}
		{C780B0BB-91C9-4833-8238-7CB8E21F08BC} = {C780B0BB-91C9-4833-8238-7CB8E21F08BC}
	EndProjectSection
EndProject
Project("{8BC9CEB8-8B4A-11D0-8D11-00A0C91BC942}") = "defaults", "tests\defaults.vcxproj", "{023D17E0-49E9-44BB-8267-A5119C4BC326}"
	ProjectSection(ProjectDependencies) = postProject
		{33CA227F-974B-4A2D-944C-5FF008384BF8} = {33CA227F-974B-4A2D-944C-5FF008384BF8}
		{C780B0BB-91C9-4833-8238-7CB8E21F08BC} = {C780B0BB-91C9-4833-8238-7CB8E21F08BC}
	EndProjectSection
EndProject
Project("{8BC9CEB8-8B4A-11D0-8D11-00A0C91BC942}") = "empty", "tests\empty.vcxproj", "{54318240-93CE-4A81-82B2-DEA79653B99A}"
	ProjectSection(ProjectDependencies) = postProject
		{33CA227F-974B-4A2D-944C-5FF008384BF8} = {33CA227F-974B-4A2D-944C-5FF008384BF8}
		{C780B0BB-91C9-4833-8238-7CB8E21F08BC} = {C780B0BB-91C9-4833-8238-7CB8E21F08BC}
	EndProjectSection
EndProject
Project("{8BC9CEB8-8B4A-11D0-8D11-00A0C91BC942}") = "events", "tests\events.vcxproj", "{B5D3D349-2B4D-4A59-BD84-22013562C1AE}"
	ProjectSection(ProjectDependencies) = postProject
		{33CA227F-974B-4A2D-944C-5FF008384BF8} = {33CA227F-974B-4A2D-944C-5FF008384BF8}
		{C780B0BB-91C9-4833-8238-7CB8E21F08BC} = {C780B0BB-91C9-4833-8238-7CB8E21F08BC}
	EndProjectSection
EndProject
Project("{8BC9CEB8-8B4A-11D0-8D11-00A0C91BC942}") = "fsaa", "tests\fsaa.vcxproj", "{C11345DD-F656-4AA6-89BE-18C48795D50A}"
	ProjectSection(ProjectDependencies) = postProject
		{33CA227F-974B-4A2D-944C-5FF008384BF8} = {33CA227F-974B-4A2D-944C-5FF008384BF8}
		{C780B0BB-91C9-4833-8238-7CB8E21F08BC} = {C780B0BB-91C9-4833-8238-7CB8E21F08BC}
	EndProjectSection
EndProject
Project("{8BC9CEB8-8B4A-11D0-8D11-00A0C91BC942}") = "gamma", "tests\gamma.vcxproj", "{9FF8EDEE-409D-4291-8182-B13E192FA3C2}"
	ProjectSection(ProjectDependencies) = postProject
		{33CA227F-974B-4A2D-944C-5FF008384BF8} = {33CA227F-974B-4A2D-944C-5FF008384BF8}
		{C780B0BB-91C9-4833-8238-7CB8E21F08BC} = {C780B0BB-91C9-4833-8238-7CB8E21F08BC}
	EndProjectSection
EndProject
Project("{8BC9CEB8-8B4A-11D0-8D11-00A0C91BC942}") = "gears", "examples\gears.vcxproj", "{FE1F7A4B-558B-4909-AF23-5D91E6586AC3}"
	ProjectSection(ProjectDependencies) = postProject
		{33CA227F-974B-4A2D-944C-5FF008384BF8} = {33CA227F-974B-4A2D-944C-5FF008384BF8}
		{C780B0BB-91C9-4833-8238-7CB8E21F08BC} = {C780B0BB-91C9-4833-8238-7CB8E21F08BC}
	EndProjectSection
EndProject
Project("{8BC9CEB8-8B4A-11D0-8D11-00A0C91BC942}") = "glfw", "src\glfw.vcxproj", "{C780B0BB-91C9-4833-8238-7CB8E21F08BC}"
	ProjectSection(ProjectDependencies) = postProject
		{33CA227F-974B-4A2D-944C-5FF008384BF8} = {33CA227F-974B-4A2D-944C-5FF008384BF8}
	EndProjectSection
EndProject
Project("{8BC9CEB8-8B4A-11D0-8D11-00A0C91BC942}") = "glfwinfo", "tests\glfwinfo.vcxproj", "{5FAE60AC-F467-47F6-8B28-14DB5806F94B}"
	ProjectSection(ProjectDependencies) = postProject
		{33CA227F-974B-4A2D-944C-5FF008384BF8} = {33CA227F-974B-4A2D-944C-5FF008384BF8}
		{C780B0BB-91C9-4833-8238-7CB8E21F08BC} = {C780B0BB-91C9-4833-8238-7CB8E21F08BC}
	EndProjectSection
EndProject
Project("{8BC9CEB8-8B4A-11D0-8D11-00A0C91BC942}") = "heightmap", "examples\heightmap.vcxproj", "{323102BB-2F30-4A8A-8E93-9D23DBD55532}"
	ProjectSection(ProjectDependencies) = postProject
		{33CA227F-974B-4A2D-944C-5FF008384BF8} = {33CA227F-974B-4A2D-944C-5FF008384BF8}
		{C780B0BB-91C9-4833-8238-7CB8E21F08BC} = {C780B0BB-91C9-4833-8238-7CB8E21F08BC}
	EndProjectSection
EndProject
Project("{8BC9CEB8-8B4A-11D0-8D11-00A0C91BC942}") = "iconify", "tests\iconify.vcxproj", "{4D75DB26-C49D-4443-9060-FF07C84F07FD}"
	ProjectSection(ProjectDependencies) = postProject
		{33CA227F-974B-4A2D-944C-5FF008384BF8} = {33CA227F-974B-4A2D-944C-5FF008384BF8}
		{C780B0BB-91C9-4833-8238-7CB8E21F08BC} = {C780B0BB-91C9-4833-8238-7CB8E21F08BC}
	EndProjectSection
EndProject
Project("{8BC9CEB8-8B4A-11D0-8D11-00A0C91BC942}") = "joysticks", "tests\joysticks.vcxproj", "{6BED711C-0D8A-4DCD-A3EC-9B7AEC77AC9A}"
	ProjectSection(ProjectDependencies) = postProject
		{33CA227F-974B-4A2D-944C-5FF008384BF8} = {33CA227F-974B-4A2D-944C-5FF008384BF8}
		{C780B0BB-91C9-4833-8238-7CB8E21F08BC} = {C780B0BB-91C9-4833-8238-7CB8E21F08BC}
	EndProjectSection
EndProject
Project("{8BC9CEB8-8B4A-11D0-8D11-00A0C91BC942}") = "monitors", "tests\monitors.vcxproj", "{E424E1DA-A429-4960-A21B-51CCBD5F707E}"
	ProjectSection(ProjectDependencies) = postProject
		{33CA227F-974B-4A2D-944C-5FF008384BF8} = {33CA227F-974B-4A2D-944C-5FF008384BF8}
		{C780B0BB-91C9-4833-8238-7CB8E21F08BC} = {C780B0BB-91C9-4833-8238-7CB8E21F08BC}
	EndProjectSection
EndProject
Project("{8BC9CEB8-8B4A-11D0-8D11-00A0C91BC942}") = "particles", "examples\particles.vcxproj", "{4D490BFD-BC3C-4D2F-8358-3B7B8623C391}"
	ProjectSection(ProjectDependencies) = postProject
		{33CA227F-974B-4A2D-944C-5FF008384BF8} = {33CA227F-974B-4A2D-944C-5FF008384BF8}
		{C780B0BB-91C9-4833-8238-7CB8E21F08BC} = {C780B0BB-91C9-4833-8238-7CB8E21F08BC}
	EndProjectSection
EndProject
Project("{8BC9CEB8-8B4A-11D0-8D11-00A0C91BC942}") = "peter", "tests\peter.vcxproj", "{E287AE91-7371-4F4D-85A6-6626200550FC}"
	ProjectSection(ProjectDependencies) = postProject
		{33CA227F-974B-4A2D-944C-5FF008384BF8} = {33CA227F-974B-4A2D-944C-5FF008384BF8}
		{C780B0BB-91C9-4833-8238-7CB8E21F08BC} = {C780B0BB-91C9-4833-8238-7CB8E21F08BC}
	EndProjectSection
EndProject
Project("{8BC9CEB8-8B4A-11D0-8D11-00A0C91BC942}") = "reopen", "tests\reopen.vcxproj", "{79743948-6718-441B-9E94-E923F75655D8}"
	ProjectSection(ProjectDependencies) = postProject
		{33CA227F-974B-4A2D-944C-5FF008384BF8} = {33CA227F-974B-4A2D-944C-5FF008384BF8}
		{C780B0BB-91C9-4833-8238-7CB8E21F08BC} = {C780B0BB-91C9-4833-8238-7CB8E21F08BC}
	EndProjectSection
EndProject
Project("{8BC9CEB8-8B4A-11D0-8D11-00A0C91BC942}") = "sharing", "tests\sharing.vcxproj", "{D30F0672-A614-4208-AAD8-2061B03A983D}"
	ProjectSection(ProjectDependencies) = postProject
		{33CA227F-974B-4A2D-944C-5FF008384BF8} = {33CA227F-974B-4A2D-944C-5FF008384BF8}
		{C780B0BB-91C9-4833-8238-7CB8E21F08BC} = {C780B0BB-91C9-4833-8238-7CB8E21F08BC}
	EndProjectSection
EndProject
Project("{8BC9CEB8-8B4A-11D0-8D11-00A0C91BC942}") = "simple", "examples\simple.vcxproj", "{93714F95-1369-4735-8CF2-415F261325D0}"
	ProjectSection(ProjectDependencies) = postProject
		{33CA227F-974B-4A2D-944C-5FF008384BF8} = {33CA227F-974B-4A2D-944C-5FF008384BF8}
		{C780B0BB-91C9-4833-8238-7CB8E21F08BC} = {C780B0BB-91C9-4833-8238-7CB8E21F08BC}
	EndProjectSection
EndProject
Project("{8BC9CEB8-8B4A-11D0-8D11-00A0C91BC942}") = "splitview", "examples\splitview.vcxproj", "{4325C533-5364-4C05-A93A-DD5468DDB186}"
	ProjectSection(ProjectDependencies) = postProject
		{33CA227F-974B-4A2D-944C-5FF008384BF8} = {33CA227F-974B-4A2D-944C-5FF008384BF8}
		{C780B0BB-91C9-4833-8238-7CB8E21F08BC} = {C780B0BB-91C9-4833-8238-7CB8E21F08BC}
	EndProjectSection
EndProject
Project("{8BC9CEB8-8B4A-11D0-8D11-00A0C91BC942}") = "tearing", "tests\tearing.vcxproj", "{A2B33143-E5FD-4F6D-AC08-F34DDBA027DC}"
	ProjectSection(ProjectDependencies) = postProject
		{33CA227F-974B-4A2D-944C-5FF008384BF8} = {33CA227F-974B-4A2D-944C-5FF008384BF8}
		{C780B0BB-91C9-4833-8238-7CB8E21F08BC} = {C780B0BB-91C9-4833-8238-7CB8E21F08BC}
	EndProjectSection
EndProject
Project("{8BC9CEB8-8B4A-11D0-8D11-00A0C91BC942}") = "threads", "tests\threads.vcxproj", "{BF98FF4D-810C-446A-81CC-40EF27BF76BD}"
	ProjectSection(ProjectDependencies) = postProject
		{33CA227F-974B-4A2D-944C-5FF008384BF8} = {33CA227F-974B-4A2D-944C-5FF008384BF8}
		{C780B0BB-91C9-4833-8238-7CB8E21F08BC} = {C780B0BB-91C9-4833-8238-7CB8E21F08BC}
	EndProjectSection
EndProject
Project("{8BC9CEB8-8B4A-11D0-8D11-00A0C91BC942}") = "title", "tests\title.vcxproj", "{E7620DEA-E508-47B9-97A2-2E03FD4DA24C}"
	ProjectSection(ProjectDependencies) = postProject
		{33CA227F-974B-4A2D-944C-5FF008384BF8} = {33CA227F-974B-4A2D-944C-5FF008384BF8}
		{C780B0BB-91C9-4833-8238-7CB8E21F08BC} = {C780B0BB-91C9-4833-8238-7CB8E21F08BC}
	EndProjectSection
EndProject
Project("{8BC9CEB8-8B4A-11D0-8D11-00A0C91BC942}") = "uninstall", "uninstall.vcxproj", "{A64112D9-77D7-420A-9244-8E517B1E83E8}"
	ProjectSection(ProjectDependencies) = postProject
		{33CA227F-974B-4A2D-944C-5FF008384BF8} = {33CA227F-974B-4A2D-944C-5FF008384BF8}
	EndProjectSection
EndProject
Project("{8BC9CEB8-8B4A-11D0-8D11-00A0C91BC942}") = "wave", "examples\wave.vcxproj", "{586C0CF9-273C-43C0-9844-B4595250E897}"
	ProjectSection(ProjectDependencies) = postProject
		{33CA227F-974B-4A2D-944C-5FF008384BF8} = {33CA227F-974B-4A2D-944C-5FF008384BF8}
		{C780B0BB-91C9-4833-8238-7CB8E21F08BC} = {C780B0BB-91C9-4833-8238-7CB8E21F08BC}
	EndProjectSection
EndProject
Project("{8BC9CEB8-8B4A-11D0-8D11-00A0C91BC942}") = "windows", "tests\windows.vcxproj", "{7600FD7B-A838-4A6F-84E6-CB6DBFBDB2A7}"
	ProjectSection(ProjectDependencies) = postProject
		{33CA227F-974B-4A2D-944C-5FF008384BF8} = {33CA227F-974B-4A2D-944C-5FF008384BF8}
		{C780B0BB-91C9-4833-8238-7CB8E21F08BC} = {C780B0BB-91C9-4833-8238-7CB8E21F08BC}
	EndProjectSection
EndProject
Project("{2150E333-8FDC-42A3-9474-1A3956D46DE8}") = "CMakePredefinedTargets", "CMakePredefinedTargets", "{50A4CB8E-81B2-4FCC-B2C7-3B59A681324B}"
EndProject
Project("{2150E333-8FDC-42A3-9474-1A3956D46DE8}") = "GLFW3", "GLFW3", "{EF0CD928-8070-46C6-BA75-714366F43911}"
EndProject
Project("{2150E333-8FDC-42A3-9474-1A3956D46DE8}") = "Examples", "GLFW3\Examples", "{83A628F9-1B65-48CF-BBB4-79D485170228}"
EndProject
Project("{2150E333-8FDC-42A3-9474-1A3956D46DE8}") = "Tests", "GLFW3\Tests", "{86437938-47E1-4853-BFA1-98EEDAD27D55}"
EndProject
Global
	GlobalSection(SolutionConfigurationPlatforms) = preSolution
		Debug|Win32 = Debug|Win32
		Release|Win32 = Release|Win32
		MinSizeRel|Win32 = MinSizeRel|Win32
		RelWithDebInfo|Win32 = RelWithDebInfo|Win32
	EndGlobalSection
	GlobalSection(ProjectConfigurationPlatforms) = postSolution
		{7AC55941-B170-435D-9B8D-04FAC11A7978}.Debug|Win32.ActiveCfg = Debug|Win32
		{7AC55941-B170-435D-9B8D-04FAC11A7978}.Debug|Win32.Build.0 = Debug|Win32
		{7AC55941-B170-435D-9B8D-04FAC11A7978}.Release|Win32.ActiveCfg = Release|Win32
		{7AC55941-B170-435D-9B8D-04FAC11A7978}.Release|Win32.Build.0 = Release|Win32
		{7AC55941-B170-435D-9B8D-04FAC11A7978}.MinSizeRel|Win32.ActiveCfg = MinSizeRel|Win32
		{7AC55941-B170-435D-9B8D-04FAC11A7978}.MinSizeRel|Win32.Build.0 = MinSizeRel|Win32
		{7AC55941-B170-435D-9B8D-04FAC11A7978}.RelWithDebInfo|Win32.ActiveCfg = RelWithDebInfo|Win32
		{7AC55941-B170-435D-9B8D-04FAC11A7978}.RelWithDebInfo|Win32.Build.0 = RelWithDebInfo|Win32
		{6D5B0AF1-5692-4A18-A644-B4FDD2CC38BF}.Debug|Win32.ActiveCfg = Debug|Win32
		{6D5B0AF1-5692-4A18-A644-B4FDD2CC38BF}.Release|Win32.ActiveCfg = Release|Win32
		{6D5B0AF1-5692-4A18-A644-B4FDD2CC38BF}.MinSizeRel|Win32.ActiveCfg = MinSizeRel|Win32
		{6D5B0AF1-5692-4A18-A644-B4FDD2CC38BF}.RelWithDebInfo|Win32.ActiveCfg = RelWithDebInfo|Win32
		{33CA227F-974B-4A2D-944C-5FF008384BF8}.Debug|Win32.ActiveCfg = Debug|Win32
		{33CA227F-974B-4A2D-944C-5FF008384BF8}.Debug|Win32.Build.0 = Debug|Win32
		{33CA227F-974B-4A2D-944C-5FF008384BF8}.Release|Win32.ActiveCfg = Release|Win32
		{33CA227F-974B-4A2D-944C-5FF008384BF8}.Release|Win32.Build.0 = Release|Win32
		{33CA227F-974B-4A2D-944C-5FF008384BF8}.MinSizeRel|Win32.ActiveCfg = MinSizeRel|Win32
		{33CA227F-974B-4A2D-944C-5FF008384BF8}.MinSizeRel|Win32.Build.0 = MinSizeRel|Win32
		{33CA227F-974B-4A2D-944C-5FF008384BF8}.RelWithDebInfo|Win32.ActiveCfg = RelWithDebInfo|Win32
		{33CA227F-974B-4A2D-944C-5FF008384BF8}.RelWithDebInfo|Win32.Build.0 = RelWithDebInfo|Win32
		{344E62FA-9E6B-4060-858A-F32AEAF29B3E}.Debug|Win32.ActiveCfg = Debug|Win32
		{344E62FA-9E6B-4060-858A-F32AEAF29B3E}.Debug|Win32.Build.0 = Debug|Win32
		{344E62FA-9E6B-4060-858A-F32AEAF29B3E}.Release|Win32.ActiveCfg = Release|Win32
		{344E62FA-9E6B-4060-858A-F32AEAF29B3E}.Release|Win32.Build.0 = Release|Win32
		{344E62FA-9E6B-4060-858A-F32AEAF29B3E}.MinSizeRel|Win32.ActiveCfg = MinSizeRel|Win32
		{344E62FA-9E6B-4060-858A-F32AEAF29B3E}.MinSizeRel|Win32.Build.0 = MinSizeRel|Win32
		{344E62FA-9E6B-4060-858A-F32AEAF29B3E}.RelWithDebInfo|Win32.ActiveCfg = RelWithDebInfo|Win32
		{344E62FA-9E6B-4060-858A-F32AEAF29B3E}.RelWithDebInfo|Win32.Build.0 = RelWithDebInfo|Win32
		{FF0F2DC6-7E6D-4500-AB20-95DE7C84DBC6}.Debug|Win32.ActiveCfg = Debug|Win32
		{FF0F2DC6-7E6D-4500-AB20-95DE7C84DBC6}.Debug|Win32.Build.0 = Debug|Win32
		{FF0F2DC6-7E6D-4500-AB20-95DE7C84DBC6}.Release|Win32.ActiveCfg = Release|Win32
		{FF0F2DC6-7E6D-4500-AB20-95DE7C84DBC6}.Release|Win32.Build.0 = Release|Win32
		{FF0F2DC6-7E6D-4500-AB20-95DE7C84DBC6}.MinSizeRel|Win32.ActiveCfg = MinSizeRel|Win32
		{FF0F2DC6-7E6D-4500-AB20-95DE7C84DBC6}.MinSizeRel|Win32.Build.0 = MinSizeRel|Win32
		{FF0F2DC6-7E6D-4500-AB20-95DE7C84DBC6}.RelWithDebInfo|Win32.ActiveCfg = RelWithDebInfo|Win32
		{FF0F2DC6-7E6D-4500-AB20-95DE7C84DBC6}.RelWithDebInfo|Win32.Build.0 = RelWithDebInfo|Win32
		{513B957D-7FF5-4528-8FAD-A71A431C2FC5}.Debug|Win32.ActiveCfg = Debug|Win32
		{513B957D-7FF5-4528-8FAD-A71A431C2FC5}.Debug|Win32.Build.0 = Debug|Win32
		{513B957D-7FF5-4528-8FAD-A71A431C2FC5}.Release|Win32.ActiveCfg = Release|Win32
		{513B957D-7FF5-4528-8FAD-A71A431C2FC5}.Release|Win32.Build.0 = Release|Win32
		{513B957D-7FF5-4528-8FAD-A71A431C2FC5}.MinSizeRel|Win32.ActiveCfg = MinSizeRel|Win32
		{513B957D-7FF5-4528-8FAD-A71A431C2FC5}.MinSizeRel|Win32.Build.0 = MinSizeRel|Win32
		{513B957D-7FF5-4528-8FAD-A71A431C2FC5}.RelWithDebInfo|Win32.ActiveCfg = RelWithDebInfo|Win32
		{513B957D-7FF5-4528-8FAD-A71A431C2FC5}.RelWithDebInfo|Win32.Build.0 = RelWithDebInfo|Win32
		{2C1D0F9E-5E4F-431F-89F2-DF7DEF7BB50B}.Debug|Win32.ActiveCfg = Debug|Win32
		{2C1D0F9E-5E4F-431F-89F2-DF7DEF7BB50B}.Debug|Win32.Build.0 = Debug|Win32
		{2C1D0F9E-5E4F-431F-89F2-DF7DEF7BB50B}.Release|Win32.ActiveCfg = Release|Win32
		{2C1D0F9E-5E4F-431F-89F2-DF7DEF7BB50B}.Release|Win32.Build.0 = Release|Win32
		{2C1D0F9E-5E4F-431F-89F2-DF7DEF7BB50B}.MinSizeRel|Win32.ActiveCfg = MinSizeRel|Win32
		{2C1D0F9E-5E4F-431F-89F2-DF7DEF7BB50B}.MinSizeRel|Win32.Build.0 = MinSizeRel|Win32
		{2C1D0F9E-5E4F-431F-89F2-DF7DEF7BB50B}.RelWithDebInfo|Win32.ActiveCfg = RelWithDebInfo|Win32
		{2C1D0F9E-5E4F-431F-89F2-DF7DEF7BB50B}.RelWithDebInfo|Win32.Build.0 = RelWithDebInfo|Win32
		{85AFC072-E3CF-4927-8B1C-36BB6939CB24}.Debug|Win32.ActiveCfg = Debug|Win32
		{85AFC072-E3CF-4927-8B1C-36BB6939CB24}.Debug|Win32.Build.0 = Debug|Win32
		{85AFC072-E3CF-4927-8B1C-36BB6939CB24}.Release|Win32.ActiveCfg = Release|Win32
		{85AFC072-E3CF-4927-8B1C-36BB6939CB24}.Release|Win32.Build.0 = Release|Win32
		{85AFC072-E3CF-4927-8B1C-36BB6939CB24}.MinSizeRel|Win32.ActiveCfg = MinSizeRel|Win32
		{85AFC072-E3CF-4927-8B1C-36BB6939CB24}.MinSizeRel|Win32.Build.0 = MinSizeRel|Win32
		{85AFC072-E3CF-4927-8B1C-36BB6939CB24}.RelWithDebInfo|Win32.ActiveCfg = RelWithDebInfo|Win32
		{85AFC072-E3CF-4927-8B1C-36BB6939CB24}.RelWithDebInfo|Win32.Build.0 = RelWithDebInfo|Win32
		{023D17E0-49E9-44BB-8267-A5119C4BC326}.Debug|Win32.ActiveCfg = Debug|Win32
		{023D17E0-49E9-44BB-8267-A5119C4BC326}.Debug|Win32.Build.0 = Debug|Win32
		{023D17E0-49E9-44BB-8267-A5119C4BC326}.Release|Win32.ActiveCfg = Release|Win32
		{023D17E0-49E9-44BB-8267-A5119C4BC326}.Release|Win32.Build.0 = Release|Win32
		{023D17E0-49E9-44BB-8267-A5119C4BC326}.MinSizeRel|Win32.ActiveCfg = MinSizeRel|Win32
		{023D17E0-49E9-44BB-8267-A5119C4BC326}.MinSizeRel|Win32.Build.0 = MinSizeRel|Win32
		{023D17E0-49E9-44BB-8267-A5119C4BC326}.RelWithDebInfo|Win32.ActiveCfg = RelWithDebInfo|Win32
		{023D17E0-49E9-44BB-8267-A5119C4BC326}.RelWithDebInfo|Win32.Build.0 = RelWithDebInfo|Win32
		{54318240-93CE-4A81-82B2-DEA79653B99A}.Debug|Win32.ActiveCfg = Debug|Win32
		{54318240-93CE-4A81-82B2-DEA79653B99A}.Debug|Win32.Build.0 = Debug|Win32
		{54318240-93CE-4A81-82B2-DEA79653B99A}.Release|Win32.ActiveCfg = Release|Win32
		{54318240-93CE-4A81-82B2-DEA79653B99A}.Release|Win32.Build.0 = Release|Win32
		{54318240-93CE-4A81-82B2-DEA79653B99A}.MinSizeRel|Win32.ActiveCfg = MinSizeRel|Win32
		{54318240-93CE-4A81-82B2-DEA79653B99A}.MinSizeRel|Win32.Build.0 = MinSizeRel|Win32
		{54318240-93CE-4A81-82B2-DEA79653B99A}.RelWithDebInfo|Win32.ActiveCfg = RelWithDebInfo|Win32
		{54318240-93CE-4A81-82B2-DEA79653B99A}.RelWithDebInfo|Win32.Build.0 = RelWithDebInfo|Win32
		{B5D3D349-2B4D-4A59-BD84-22013562C1AE}.Debug|Win32.ActiveCfg = Debug|Win32
		{B5D3D349-2B4D-4A59-BD84-22013562C1AE}.Debug|Win32.Build.0 = Debug|Win32
		{B5D3D349-2B4D-4A59-BD84-22013562C1AE}.Release|Win32.ActiveCfg = Release|Win32
		{B5D3D349-2B4D-4A59-BD84-22013562C1AE}.Release|Win32.Build.0 = Release|Win32
		{B5D3D349-2B4D-4A59-BD84-22013562C1AE}.MinSizeRel|Win32.ActiveCfg = MinSizeRel|Win32
		{B5D3D349-2B4D-4A59-BD84-22013562C1AE}.MinSizeRel|Win32.Build.0 = MinSizeRel|Win32
		{B5D3D349-2B4D-4A59-BD84-22013562C1AE}.RelWithDebInfo|Win32.ActiveCfg = RelWithDebInfo|Win32
		{B5D3D349-2B4D-4A59-BD84-22013562C1AE}.RelWithDebInfo|Win32.Build.0 = RelWithDebInfo|Win32
		{C11345DD-F656-4AA6-89BE-18C48795D50A}.Debug|Win32.ActiveCfg = Debug|Win32
		{C11345DD-F656-4AA6-89BE-18C48795D50A}.Debug|Win32.Build.0 = Debug|Win32
		{C11345DD-F656-4AA6-89BE-18C48795D50A}.Release|Win32.ActiveCfg = Release|Win32
		{C11345DD-F656-4AA6-89BE-18C48795D50A}.Release|Win32.Build.0 = Release|Win32
		{C11345DD-F656-4AA6-89BE-18C48795D50A}.MinSizeRel|Win32.ActiveCfg = MinSizeRel|Win32
		{C11345DD-F656-4AA6-89BE-18C48795D50A}.MinSizeRel|Win32.Build.0 = MinSizeRel|Win32
		{C11345DD-F656-4AA6-89BE-18C48795D50A}.RelWithDebInfo|Win32.ActiveCfg = RelWithDebInfo|Win32
		{C11345DD-F656-4AA6-89BE-18C48795D50A}.RelWithDebInfo|Win32.Build.0 = RelWithDebInfo|Win32
		{9FF8EDEE-409D-4291-8182-B13E192FA3C2}.Debug|Win32.ActiveCfg = Debug|Win32
		{9FF8EDEE-409D-4291-8182-B13E192FA3C2}.Debug|Win32.Build.0 = Debug|Win32
		{9FF8EDEE-409D-4291-8182-B13E192FA3C2}.Release|Win32.ActiveCfg = Release|Win32
		{9FF8EDEE-409D-4291-8182-B13E192FA3C2}.Release|Win32.Build.0 = Release|Win32
		{9FF8EDEE-409D-4291-8182-B13E192FA3C2}.MinSizeRel|Win32.ActiveCfg = MinSizeRel|Win32
		{9FF8EDEE-409D-4291-8182-B13E192FA3C2}.MinSizeRel|Win32.Build.0 = MinSizeRel|Win32
		{9FF8EDEE-409D-4291-8182-B13E192FA3C2}.RelWithDebInfo|Win32.ActiveCfg = RelWithDebInfo|Win32
		{9FF8EDEE-409D-4291-8182-B13E192FA3C2}.RelWithDebInfo|Win32.Build.0 = RelWithDebInfo|Win32
		{FE1F7A4B-558B-4909-AF23-5D91E6586AC3}.Debug|Win32.ActiveCfg = Debug|Win32
		{FE1F7A4B-558B-4909-AF23-5D91E6586AC3}.Debug|Win32.Build.0 = Debug|Win32
		{FE1F7A4B-558B-4909-AF23-5D91E6586AC3}.Release|Win32.ActiveCfg = Release|Win32
		{FE1F7A4B-558B-4909-AF23-5D91E6586AC3}.Release|Win32.Build.0 = Release|Win32
		{FE1F7A4B-558B-4909-AF23-5D91E6586AC3}.MinSizeRel|Win32.ActiveCfg = MinSizeRel|Win32
		{FE1F7A4B-558B-4909-AF23-5D91E6586AC3}.MinSizeRel|Win32.Build.0 = MinSizeRel|Win32
		{FE1F7A4B-558B-4909-AF23-5D91E6586AC3}.RelWithDebInfo|Win32.ActiveCfg = RelWithDebInfo|Win32
		{FE1F7A4B-558B-4909-AF23-5D91E6586AC3}.RelWithDebInfo|Win32.Build.0 = RelWithDebInfo|Win32
		{C780B0BB-91C9-4833-8238-7CB8E21F08BC}.Debug|Win32.ActiveCfg = Debug|Win32
		{C780B0BB-91C9-4833-8238-7CB8E21F08BC}.Debug|Win32.Build.0 = Debug|Win32
		{C780B0BB-91C9-4833-8238-7CB8E21F08BC}.Release|Win32.ActiveCfg = Release|Win32
		{C780B0BB-91C9-4833-8238-7CB8E21F08BC}.Release|Win32.Build.0 = Release|Win32
		{C780B0BB-91C9-4833-8238-7CB8E21F08BC}.MinSizeRel|Win32.ActiveCfg = MinSizeRel|Win32
		{C780B0BB-91C9-4833-8238-7CB8E21F08BC}.MinSizeRel|Win32.Build.0 = MinSizeRel|Win32
		{C780B0BB-91C9-4833-8238-7CB8E21F08BC}.RelWithDebInfo|Win32.ActiveCfg = RelWithDebInfo|Win32
		{C780B0BB-91C9-4833-8238-7CB8E21F08BC}.RelWithDebInfo|Win32.Build.0 = RelWithDebInfo|Win32
		{5FAE60AC-F467-47F6-8B28-14DB5806F94B}.Debug|Win32.ActiveCfg = Debug|Win32
		{5FAE60AC-F467-47F6-8B28-14DB5806F94B}.Debug|Win32.Build.0 = Debug|Win32
		{5FAE60AC-F467-47F6-8B28-14DB5806F94B}.Release|Win32.ActiveCfg = Release|Win32
		{5FAE60AC-F467-47F6-8B28-14DB5806F94B}.Release|Win32.Build.0 = Release|Win32
		{5FAE60AC-F467-47F6-8B28-14DB5806F94B}.MinSizeRel|Win32.ActiveCfg = MinSizeRel|Win32
		{5FAE60AC-F467-47F6-8B28-14DB5806F94B}.MinSizeRel|Win32.Build.0 = MinSizeRel|Win32
		{5FAE60AC-F467-47F6-8B28-14DB5806F94B}.RelWithDebInfo|Win32.ActiveCfg = RelWithDebInfo|Win32
		{5FAE60AC-F467-47F6-8B28-14DB5806F94B}.RelWithDebInfo|Win32.Build.0 = RelWithDebInfo|Win32
		{323102BB-2F30-4A8A-8E93-9D23DBD55532}.Debug|Win32.ActiveCfg = Debug|Win32
		{323102BB-2F30-4A8A-8E93-9D23DBD55532}.Debug|Win32.Build.0 = Debug|Win32
		{323102BB-2F30-4A8A-8E93-9D23DBD55532}.Release|Win32.ActiveCfg = Release|Win32
		{323102BB-2F30-4A8A-8E93-9D23DBD55532}.Release|Win32.Build.0 = Release|Win32
		{323102BB-2F30-4A8A-8E93-9D23DBD55532}.MinSizeRel|Win32.ActiveCfg = MinSizeRel|Win32
		{323102BB-2F30-4A8A-8E93-9D23DBD55532}.MinSizeRel|Win32.Build.0 = MinSizeRel|Win32
		{323102BB-2F30-4A8A-8E93-9D23DBD55532}.RelWithDebInfo|Win32.ActiveCfg = RelWithDebInfo|Win32
		{323102BB-2F30-4A8A-8E93-9D23DBD55532}.RelWithDebInfo|Win32.Build.0 = RelWithDebInfo|Win32
		{4D75DB26-C49D-4443-9060-FF07C84F07FD}.Debug|Win32.ActiveCfg = Debug|Win32
		{4D75DB26-C49D-4443-9060-FF07C84F07FD}.Debug|Win32.Build.0 = Debug|Win32
		{4D75DB26-C49D-4443-9060-FF07C84F07FD}.Release|Win32.ActiveCfg = Release|Win32
		{4D75DB26-C49D-4443-9060-FF07C84F07FD}.Release|Win32.Build.0 = Release|Win32
		{4D75DB26-C49D-4443-9060-FF07C84F07FD}.MinSizeRel|Win32.ActiveCfg = MinSizeRel|Win32
		{4D75DB26-C49D-4443-9060-FF07C84F07FD}.MinSizeRel|Win32.Build.0 = MinSizeRel|Win32
		{4D75DB26-C49D-4443-9060-FF07C84F07FD}.RelWithDebInfo|Win32.ActiveCfg = RelWithDebInfo|Win32
		{4D75DB26-C49D-4443-9060-FF07C84F07FD}.RelWithDebInfo|Win32.Build.0 = RelWithDebInfo|Win32
		{6BED711C-0D8A-4DCD-A3EC-9B7AEC77AC9A}.Debug|Win32.ActiveCfg = Debug|Win32
		{6BED711C-0D8A-4DCD-A3EC-9B7AEC77AC9A}.Debug|Win32.Build.0 = Debug|Win32
		{6BED711C-0D8A-4DCD-A3EC-9B7AEC77AC9A}.Release|Win32.ActiveCfg = Release|Win32
		{6BED711C-0D8A-4DCD-A3EC-9B7AEC77AC9A}.Release|Win32.Build.0 = Release|Win32
		{6BED711C-0D8A-4DCD-A3EC-9B7AEC77AC9A}.MinSizeRel|Win32.ActiveCfg = MinSizeRel|Win32
		{6BED711C-0D8A-4DCD-A3EC-9B7AEC77AC9A}.MinSizeRel|Win32.Build.0 = MinSizeRel|Win32
		{6BED711C-0D8A-4DCD-A3EC-9B7AEC77AC9A}.RelWithDebInfo|Win32.ActiveCfg = RelWithDebInfo|Win32
		{6BED711C-0D8A-4DCD-A3EC-9B7AEC77AC9A}.RelWithDebInfo|Win32.Build.0 = RelWithDebInfo|Win32
		{E424E1DA-A429-4960-A21B-51CCBD5F707E}.Debug|Win32.ActiveCfg = Debug|Win32
		{E424E1DA-A429-4960-A21B-51CCBD5F707E}.Debug|Win32.Build.0 = Debug|Win32
		{E424E1DA-A429-4960-A21B-51CCBD5F707E}.Release|Win32.ActiveCfg = Release|Win32
		{E424E1DA-A429-4960-A21B-51CCBD5F707E}.Release|Win32.Build.0 = Release|Win32
		{E424E1DA-A429-4960-A21B-51CCBD5F707E}.MinSizeRel|Win32.ActiveCfg = MinSizeRel|Win32
		{E424E1DA-A429-4960-A21B-51CCBD5F707E}.MinSizeRel|Win32.Build.0 = MinSizeRel|Win32
		{E424E1DA-A429-4960-A21B-51CCBD5F707E}.RelWithDebInfo|Win32.ActiveCfg = RelWithDebInfo|Win32
		{E424E1DA-A429-4960-A21B-51CCBD5F707E}.RelWithDebInfo|Win32.Build.0 = RelWithDebInfo|Win32
		{4D490BFD-BC3C-4D2F-8358-3B7B8623C391}.Debug|Win32.ActiveCfg = Debug|Win32
		{4D490BFD-BC3C-4D2F-8358-3B7B8623C391}.Debug|Win32.Build.0 = Debug|Win32
		{4D490BFD-BC3C-4D2F-8358-3B7B8623C391}.Release|Win32.ActiveCfg = Release|Win32
		{4D490BFD-BC3C-4D2F-8358-3B7B8623C391}.Release|Win32.Build.0 = Release|Win32
		{4D490BFD-BC3C-4D2F-8358-3B7B8623C391}.MinSizeRel|Win32.ActiveCfg = MinSizeRel|Win32
		{4D490BFD-BC3C-4D2F-8358-3B7B8623C391}.MinSizeRel|Win32.Build.0 = MinSizeRel|Win32
		{4D490BFD-BC3C-4D2F-8358-3B7B8623C391}.RelWithDebInfo|Win32.ActiveCfg = RelWithDebInfo|Win32
		{4D490BFD-BC3C-4D2F-8358-3B7B8623C391}.RelWithDebInfo|Win32.Build.0 = RelWithDebInfo|Win32
		{E287AE91-7371-4F4D-85A6-6626200550FC}.Debug|Win32.ActiveCfg = Debug|Win32
		{E287AE91-7371-4F4D-85A6-6626200550FC}.Debug|Win32.Build.0 = Debug|Win32
		{E287AE91-7371-4F4D-85A6-6626200550FC}.Release|Win32.ActiveCfg = Release|Win32
		{E287AE91-7371-4F4D-85A6-6626200550FC}.Release|Win32.Build.0 = Release|Win32
		{E287AE91-7371-4F4D-85A6-6626200550FC}.MinSizeRel|Win32.ActiveCfg = MinSizeRel|Win32
		{E287AE91-7371-4F4D-85A6-6626200550FC}.MinSizeRel|Win32.Build.0 = MinSizeRel|Win32
		{E287AE91-7371-4F4D-85A6-6626200550FC}.RelWithDebInfo|Win32.ActiveCfg = RelWithDebInfo|Win32
		{E287AE91-7371-4F4D-85A6-6626200550FC}.RelWithDebInfo|Win32.Build.0 = RelWithDebInfo|Win32
		{79743948-6718-441B-9E94-E923F75655D8}.Debug|Win32.ActiveCfg = Debug|Win32
		{79743948-6718-441B-9E94-E923F75655D8}.Debug|Win32.Build.0 = Debug|Win32
		{79743948-6718-441B-9E94-E923F75655D8}.Release|Win32.ActiveCfg = Release|Win32
		{79743948-6718-441B-9E94-E923F75655D8}.Release|Win32.Build.0 = Release|Win32
		{79743948-6718-441B-9E94-E923F75655D8}.MinSizeRel|Win32.ActiveCfg = MinSizeRel|Win32
		{79743948-6718-441B-9E94-E923F75655D8}.MinSizeRel|Win32.Build.0 = MinSizeRel|Win32
		{79743948-6718-441B-9E94-E923F75655D8}.RelWithDebInfo|Win32.ActiveCfg = RelWithDebInfo|Win32
		{79743948-6718-441B-9E94-E923F75655D8}.RelWithDebInfo|Win32.Build.0 = RelWithDebInfo|Win32
		{D30F0672-A614-4208-AAD8-2061B03A983D}.Debug|Win32.ActiveCfg = Debug|Win32
		{D30F0672-A614-4208-AAD8-2061B03A983D}.Debug|Win32.Build.0 = Debug|Win32
		{D30F0672-A614-4208-AAD8-2061B03A983D}.Release|Win32.ActiveCfg = Release|Win32
		{D30F0672-A614-4208-AAD8-2061B03A983D}.Release|Win32.Build.0 = Release|Win32
		{D30F0672-A614-4208-AAD8-2061B03A983D}.MinSizeRel|Win32.ActiveCfg = MinSizeRel|Win32
		{D30F0672-A614-4208-AAD8-2061B03A983D}.MinSizeRel|Win32.Build.0 = MinSizeRel|Win32
		{D30F0672-A614-4208-AAD8-2061B03A983D}.RelWithDebInfo|Win32.ActiveCfg = RelWithDebInfo|Win32
		{D30F0672-A614-4208-AAD8-2061B03A983D}.RelWithDebInfo|Win32.Build.0 = RelWithDebInfo|Win32
		{93714F95-1369-4735-8CF2-415F261325D0}.Debug|Win32.ActiveCfg = Debug|Win32
		{93714F95-1369-4735-8CF2-415F261325D0}.Debug|Win32.Build.0 = Debug|Win32
		{93714F95-1369-4735-8CF2-415F261325D0}.Release|Win32.ActiveCfg = Release|Win32
		{93714F95-1369-4735-8CF2-415F261325D0}.Release|Win32.Build.0 = Release|Win32
		{93714F95-1369-4735-8CF2-415F261325D0}.MinSizeRel|Win32.ActiveCfg = MinSizeRel|Win32
		{93714F95-1369-4735-8CF2-415F261325D0}.MinSizeRel|Win32.Build.0 = MinSizeRel|Win32
		{93714F95-1369-4735-8CF2-415F261325D0}.RelWithDebInfo|Win32.ActiveCfg = RelWithDebInfo|Win32
		{93714F95-1369-4735-8CF2-415F261325D0}.RelWithDebInfo|Win32.Build.0 = RelWithDebInfo|Win32
		{4325C533-5364-4C05-A93A-DD5468DDB186}.Debug|Win32.ActiveCfg = Debug|Win32
		{4325C533-5364-4C05-A93A-DD5468DDB186}.Debug|Win32.Build.0 = Debug|Win32
		{4325C533-5364-4C05-A93A-DD5468DDB186}.Release|Win32.ActiveCfg = Release|Win32
		{4325C533-5364-4C05-A93A-DD5468DDB186}.Release|Win32.Build.0 = Release|Win32
		{4325C533-5364-4C05-A93A-DD5468DDB186}.MinSizeRel|Win32.ActiveCfg = MinSizeRel|Win32
		{4325C533-5364-4C05-A93A-DD5468DDB186}.MinSizeRel|Win32.Build.0 = MinSizeRel|Win32
		{4325C533-5364-4C05-A93A-DD5468DDB186}.RelWithDebInfo|Win32.ActiveCfg = RelWithDebInfo|Win32
		{4325C533-5364-4C05-A93A-DD5468DDB186}.RelWithDebInfo|Win32.Build.0 = RelWithDebInfo|Win32
		{A2B33143-E5FD-4F6D-AC08-F34DDBA027DC}.Debug|Win32.ActiveCfg = Debug|Win32
		{A2B33143-E5FD-4F6D-AC08-F34DDBA027DC}.Debug|Win32.Build.0 = Debug|Win32
		{A2B33143-E5FD-4F6D-AC08-F34DDBA027DC}.Release|Win32.ActiveCfg = Release|Win32
		{A2B33143-E5FD-4F6D-AC08-F34DDBA027DC}.Release|Win32.Build.0 = Release|Win32
		{A2B33143-E5FD-4F6D-AC08-F34DDBA027DC}.MinSizeRel|Win32.ActiveCfg = MinSizeRel|Win32
		{A2B33143-E5FD-4F6D-AC08-F34DDBA027DC}.MinSizeRel|Win32.Build.0 = MinSizeRel|Win32
		{A2B33143-E5FD-4F6D-AC08-F34DDBA027DC}.RelWithDebInfo|Win32.ActiveCfg = RelWithDebInfo|Win32
		{A2B33143-E5FD-4F6D-AC08-F34DDBA027DC}.RelWithDebInfo|Win32.Build.0 = RelWithDebInfo|Win32
		{BF98FF4D-810C-446A-81CC-40EF27BF76BD}.Debug|Win32.ActiveCfg = Debug|Win32
		{BF98FF4D-810C-446A-81CC-40EF27BF76BD}.Debug|Win32.Build.0 = Debug|Win32
		{BF98FF4D-810C-446A-81CC-40EF27BF76BD}.Release|Win32.ActiveCfg = Release|Win32
		{BF98FF4D-810C-446A-81CC-40EF27BF76BD}.Release|Win32.Build.0 = Release|Win32
		{BF98FF4D-810C-446A-81CC-40EF27BF76BD}.MinSizeRel|Win32.ActiveCfg = MinSizeRel|Win32
		{BF98FF4D-810C-446A-81CC-40EF27BF76BD}.MinSizeRel|Win32.Build.0 = MinSizeRel|Win32
		{BF98FF4D-810C-446A-81CC-40EF27BF76BD}.RelWithDebInfo|Win32.ActiveCfg = RelWithDebInfo|Win32
		{BF98FF4D-810C-446A-81CC-40EF27BF76BD}.RelWithDebInfo|Win32.Build.0 = RelWithDebInfo|Win32
		{E7620DEA-E508-47B9-97A2-2E03FD4DA24C}.Debug|Win32.ActiveCfg = Debug|Win32
		{E7620DEA-E508-47B9-97A2-2E03FD4DA24C}.Debug|Win32.Build.0 = Debug|Win32
		{E7620DEA-E508-47B9-97A2-2E03FD4DA24C}.Release|Win32.ActiveCfg = Release|Win32
		{E7620DEA-E508-47B9-97A2-2E03FD4DA24C}.Release|Win32.Build.0 = Release|Win32
		{E7620DEA-E508-47B9-97A2-2E03FD4DA24C}.MinSizeRel|Win32.ActiveCfg = MinSizeRel|Win32
		{E7620DEA-E508-47B9-97A2-2E03FD4DA24C}.MinSizeRel|Win32.Build.0 = MinSizeRel|Win32
		{E7620DEA-E508-47B9-97A2-2E03FD4DA24C}.RelWithDebInfo|Win32.ActiveCfg = RelWithDebInfo|Win32
		{E7620DEA-E508-47B9-97A2-2E03FD4DA24C}.RelWithDebInfo|Win32.Build.0 = RelWithDebInfo|Win32
		{A64112D9-77D7-420A-9244-8E517B1E83E8}.Debug|Win32.ActiveCfg = Debug|Win32
		{A64112D9-77D7-420A-9244-8E517B1E83E8}.Release|Win32.ActiveCfg = Release|Win32
		{A64112D9-77D7-420A-9244-8E517B1E83E8}.MinSizeRel|Win32.ActiveCfg = MinSizeRel|Win32
		{A64112D9-77D7-420A-9244-8E517B1E83E8}.RelWithDebInfo|Win32.ActiveCfg = RelWithDebInfo|Win32
		{586C0CF9-273C-43C0-9844-B4595250E897}.Debug|Win32.ActiveCfg = Debug|Win32
		{586C0CF9-273C-43C0-9844-B4595250E897}.Debug|Win32.Build.0 = Debug|Win32
		{586C0CF9-273C-43C0-9844-B4595250E897}.Release|Win32.ActiveCfg = Release|Win32
		{586C0CF9-273C-43C0-9844-B4595250E897}.Release|Win32.Build.0 = Release|Win32
		{586C0CF9-273C-43C0-9844-B4595250E897}.MinSizeRel|Win32.ActiveCfg = MinSizeRel|Win32
		{586C0CF9-273C-43C0-9844-B4595250E897}.MinSizeRel|Win32.Build.0 = MinSizeRel|Win32
		{586C0CF9-273C-43C0-9844-B4595250E897}.RelWithDebInfo|Win32.ActiveCfg = RelWithDebInfo|Win32
		{586C0CF9-273C-43C0-9844-B4595250E897}.RelWithDebInfo|Win32.Build.0 = RelWithDebInfo|Win32
		{7600FD7B-A838-4A6F-84E6-CB6DBFBDB2A7}.Debug|Win32.ActiveCfg = Debug|Win32
		{7600FD7B-A838-4A6F-84E6-CB6DBFBDB2A7}.Debug|Win32.Build.0 = Debug|Win32
		{7600FD7B-A838-4A6F-84E6-CB6DBFBDB2A7}.Release|Win32.ActiveCfg = Release|Win32
		{7600FD7B-A838-4A6F-84E6-CB6DBFBDB2A7}.Release|Win32.Build.0 = Release|Win32
		{7600FD7B-A838-4A6F-84E6-CB6DBFBDB2A7}.MinSizeRel|Win32.ActiveCfg = MinSizeRel|Win32
		{7600FD7B-A838-4A6F-84E6-CB6DBFBDB2A7}.MinSizeRel|Win32.Build.0 = MinSizeRel|Win32
		{7600FD7B-A838-4A6F-84E6-CB6DBFBDB2A7}.RelWithDebInfo|Win32.ActiveCfg = RelWithDebInfo|Win32
		{7600FD7B-A838-4A6F-84E6-CB6DBFBDB2A7}.RelWithDebInfo|Win32.Build.0 = RelWithDebInfo|Win32
	EndGlobalSection
	GlobalSection(NestedProjects) = preSolution
		{6D5B0AF1-5692-4A18-A644-B4FDD2CC38BF} = {50A4CB8E-81B2-4FCC-B2C7-3B59A681324B}
		{33CA227F-974B-4A2D-944C-5FF008384BF8} = {50A4CB8E-81B2-4FCC-B2C7-3B59A681324B}
		{83A628F9-1B65-48CF-BBB4-79D485170228} = {EF0CD928-8070-46C6-BA75-714366F43911}
		{86437938-47E1-4853-BFA1-98EEDAD27D55} = {EF0CD928-8070-46C6-BA75-714366F43911}
		{C780B0BB-91C9-4833-8238-7CB8E21F08BC} = {EF0CD928-8070-46C6-BA75-714366F43911}
		{FF0F2DC6-7E6D-4500-AB20-95DE7C84DBC6} = {83A628F9-1B65-48CF-BBB4-79D485170228}
		{FE1F7A4B-558B-4909-AF23-5D91E6586AC3} = {83A628F9-1B65-48CF-BBB4-79D485170228}
		{323102BB-2F30-4A8A-8E93-9D23DBD55532} = {83A628F9-1B65-48CF-BBB4-79D485170228}
		{4D490BFD-BC3C-4D2F-8358-3B7B8623C391} = {83A628F9-1B65-48CF-BBB4-79D485170228}
		{93714F95-1369-4735-8CF2-415F261325D0} = {83A628F9-1B65-48CF-BBB4-79D485170228}
		{4325C533-5364-4C05-A93A-DD5468DDB186} = {83A628F9-1B65-48CF-BBB4-79D485170228}
		{586C0CF9-273C-43C0-9844-B4595250E897} = {83A628F9-1B65-48CF-BBB4-79D485170228}
		{344E62FA-9E6B-4060-858A-F32AEAF29B3E} = {86437938-47E1-4853-BFA1-98EEDAD27D55}
		{513B957D-7FF5-4528-8FAD-A71A431C2FC5} = {86437938-47E1-4853-BFA1-98EEDAD27D55}
		{2C1D0F9E-5E4F-431F-89F2-DF7DEF7BB50B} = {86437938-47E1-4853-BFA1-98EEDAD27D55}
		{85AFC072-E3CF-4927-8B1C-36BB6939CB24} = {86437938-47E1-4853-BFA1-98EEDAD27D55}
		{023D17E0-49E9-44BB-8267-A5119C4BC326} = {86437938-47E1-4853-BFA1-98EEDAD27D55}
		{54318240-93CE-4A81-82B2-DEA79653B99A} = {86437938-47E1-4853-BFA1-98EEDAD27D55}
		{B5D3D349-2B4D-4A59-BD84-22013562C1AE} = {86437938-47E1-4853-BFA1-98EEDAD27D55}
		{C11345DD-F656-4AA6-89BE-18C48795D50A} = {86437938-47E1-4853-BFA1-98EEDAD27D55}
		{9FF8EDEE-409D-4291-8182-B13E192FA3C2} = {86437938-47E1-4853-BFA1-98EEDAD27D55}
		{5FAE60AC-F467-47F6-8B28-14DB5806F94B} = {86437938-47E1-4853-BFA1-98EEDAD27D55}
		{4D75DB26-C49D-4443-9060-FF07C84F07FD} = {86437938-47E1-4853-BFA1-98EEDAD27D55}
		{6BED711C-0D8A-4DCD-A3EC-9B7AEC77AC9A} = {86437938-47E1-4853-BFA1-98EEDAD27D55}
		{E424E1DA-A429-4960-A21B-51CCBD5F707E} = {86437938-47E1-4853-BFA1-98EEDAD27D55}
		{E287AE91-7371-4F4D-85A6-6626200550FC} = {86437938-47E1-4853-BFA1-98EEDAD27D55}
		{79743948-6718-441B-9E94-E923F75655D8} = {86437938-47E1-4853-BFA1-98EEDAD27D55}
		{D30F0672-A614-4208-AAD8-2061B03A983D} = {86437938-47E1-4853-BFA1-98EEDAD27D55}
		{A2B33143-E5FD-4F6D-AC08-F34DDBA027DC} = {86437938-47E1-4853-BFA1-98EEDAD27D55}
		{BF98FF4D-810C-446A-81CC-40EF27BF76BD} = {86437938-47E1-4853-BFA1-98EEDAD27D55}
		{E7620DEA-E508-47B9-97A2-2E03FD4DA24C} = {86437938-47E1-4853-BFA1-98EEDAD27D55}
		{7600FD7B-A838-4A6F-84E6-CB6DBFBDB2A7} = {86437938-47E1-4853-BFA1-98EEDAD27D55}
	EndGlobalSection
	GlobalSection(ExtensibilityGlobals) = postSolution
	EndGlobalSection
	GlobalSection(ExtensibilityAddIns) = postSolution
	EndGlobalSection
EndGlobal
